// !$*UTF8*$!
{
	archiveVersion = 1;
	classes = {
	};
	objectVersion = 77;
	objects = {

/* Begin PBXBuildFile section */
		0856251AF7CCD0BDB032C668 /* LeaderLine.swift in Sources */ = {isa = PBXBuildFile; fileRef = 794B3553A24D4BD6FD0075B1 /* LeaderLine.swift */; };
		08B8DF6BB0A7A7148C693669 /* VisionWorkers.swift in Sources */ = {isa = PBXBuildFile; fileRef = 45F4A8569AF5A62D30BDBBC7 /* VisionWorkers.swift */; };
		1203971C8069AB03C744D392 /* DepthAndPoseTests.swift in Sources */ = {isa = PBXBuildFile; fileRef = 8E76F681EB67BAEE4FCA278C /* DepthAndPoseTests.swift */; };
		1463C96A6BA501D58915F012 /* PlateDetector.swift in Sources */ = {isa = PBXBuildFile; fileRef = 56B3A943F73AFA83A930C964 /* PlateDetector.swift */; };
		15844DA36657C3D2C26FDA95 /* FrameAdmissionGateTests.swift in Sources */ = {isa = PBXBuildFile; fileRef = D52E823D6BD9CF2DAD160566 /* FrameAdmissionGateTests.swift */; };
		15DA22D703130E5836A9D77D /* VehicleTrack.swift in Sources */ = {isa = PBXBuildFile; fileRef = 761264A2A7C441F1AD0633C8 /* VehicleTrack.swift */; };
		1A517243CF9D71343E72F67A /* ARFrameSnapshot.swift in Sources */ = {isa = PBXBuildFile; fileRef = CB82B21885F0CE6D107C8509 /* ARFrameSnapshot.swift */; };
		1B5A18A1F025FAAB653B91E7 /* ARSessionController.swift in Sources */ = {isa = PBXBuildFile; fileRef = FF11CD43876A75A5A3DA8CA2 /* ARSessionController.swift */; };
		1D064C63239E456D4098737D /* ScanGuidanceReducerTests.swift in Sources */ = {isa = PBXBuildFile; fileRef = B9377036D8CD7BED75D3163B /* ScanGuidanceReducerTests.swift */; };
		255188F50C25D3AE7EBEA6D9 /* PoseFusion.swift in Sources */ = {isa = PBXBuildFile; fileRef = AE81D33010B957C8785CFCB8 /* PoseFusion.swift */; };
		2EC71B6809C18D1677CC26AE /* DepthCentroidPoseEstimator.swift in Sources */ = {isa = PBXBuildFile; fileRef = 14C4ACA32B3CDA351E072C1B /* DepthCentroidPoseEstimator.swift */; };
		2F5F32F15FD8553F549799DA /* ARScanView.swift in Sources */ = {isa = PBXBuildFile; fileRef = 91E277EA3388BDC9CDDDEE9B /* ARScanView.swift */; };
		31BC846ED7B7872AD451378D /* FrameAdmissionGate.swift in Sources */ = {isa = PBXBuildFile; fileRef = F22A7450C7D4D1991947C896 /* FrameAdmissionGate.swift */; };
		377F6F8AFB0E470F6F99E772 /* SpatialLabelCountFormatter.swift in Sources */ = {isa = PBXBuildFile; fileRef = F8131071B603CF2A4C2A954A /* SpatialLabelCountFormatter.swift */; };
		3B8DACC6302F7F8AE5FDDAEA /* VehicleEnrichmentRetryPolicyTests.swift in Sources */ = {isa = PBXBuildFile; fileRef = F496E205490AB5D4F27CA3A6 /* VehicleEnrichmentRetryPolicyTests.swift */; };
		41CC09E40B5AC91378826F7F /* PrivacyInfo.xcprivacy in Resources */ = {isa = PBXBuildFile; fileRef = FA1EE2307A86555DE3877AAE /* PrivacyInfo.xcprivacy */; };
		50421C505108F33AF29DD156 /* PlateAppearanceScorer.swift in Sources */ = {isa = PBXBuildFile; fileRef = 8F6B89CCE5B006C6D5E0382B /* PlateAppearanceScorer.swift */; };
		58EE69EC51F76B9D6C9F1AAA /* RDWClientTests.swift in Sources */ = {isa = PBXBuildFile; fileRef = 1D3CC789283F14DA5ABED71D /* RDWClientTests.swift */; };
		5D1D78C637A511C0239A8BA1 /* PerspectiveCorrectorTests.swift in Sources */ = {isa = PBXBuildFile; fileRef = 5295A35B870A089D26BC8EFB /* PerspectiveCorrectorTests.swift */; };
		6286DB778708B2C95E1D882D /* PlateTracker.swift in Sources */ = {isa = PBXBuildFile; fileRef = 0E62566DB189A598EF12F687 /* PlateTracker.swift */; };
		656C66F31890F12B27859A37 /* CardLayoutEngine.swift in Sources */ = {isa = PBXBuildFile; fileRef = 180F81CA6DB9D9159F5D8BEC /* CardLayoutEngine.swift */; };
		6AF18F9C4FB11E19A07BC84F /* VehicleCardView.swift in Sources */ = {isa = PBXBuildFile; fileRef = 379278D6C279C1D288936F5B /* VehicleCardView.swift */; };
		6CF1C7909103CEC029685C24 /* Assets.xcassets in Resources */ = {isa = PBXBuildFile; fileRef = 96AEE74022FEB97A85015B5D /* Assets.xcassets */; };
		6F605FF9DE96956B60BD735D /* AnchorProjectionService.swift in Sources */ = {isa = PBXBuildFile; fileRef = 026C8D3E653BD8F729FBE0CB /* AnchorProjectionService.swift */; };
		7124CE5CA9D936D20445161A /* PlatePoseEstimator.swift in Sources */ = {isa = PBXBuildFile; fileRef = 6B03CD301D2824437ADEA73E /* PlatePoseEstimator.swift */; };
		81212EE71933043F1110A04F /* LicensePlatesApp.swift in Sources */ = {isa = PBXBuildFile; fileRef = 1078405FC897989F20C75BED /* LicensePlatesApp.swift */; };
		81B375E08274089DFCBBA912 /* PlateAppearanceScorerTests.swift in Sources */ = {isa = PBXBuildFile; fileRef = 7FE10E29CA241977202F0381 /* PlateAppearanceScorerTests.swift */; };
		81D9E3D6ADD4AA73FBA1B862 /* ARViewContainer.swift in Sources */ = {isa = PBXBuildFile; fileRef = C4CD010364C03851CDB57A4C /* ARViewContainer.swift */; };
		8C0CE62D754311264438603B /* PrivacyPolicyView.swift in Sources */ = {isa = PBXBuildFile; fileRef = B7B6776BE537220C6E79D752 /* PrivacyPolicyView.swift */; };
		99CDD77F0C20E5AA7DC30674 /* AutomaticVehicleCoordinator.swift in Sources */ = {isa = PBXBuildFile; fileRef = 4F5A39D6BCA5DF841D3B4E91 /* AutomaticVehicleCoordinator.swift */; };
		9DA5104603CE681527743DA1 /* MeshEvidenceProviderTests.swift in Sources */ = {isa = PBXBuildFile; fileRef = F2C93C81ED991F0FF2588ECB /* MeshEvidenceProviderTests.swift */; };
		A1ED071FCD9C0B6E2F4F2E81 /* PipelineReplayTests.swift in Sources */ = {isa = PBXBuildFile; fileRef = 202352439E826732AEEA3182 /* PipelineReplayTests.swift */; };
		A2E4533D5CFF13CD7793A577 /* DutchLicensePlateTests.swift in Sources */ = {isa = PBXBuildFile; fileRef = C5CEC4FA54E8A16F8DB46523 /* DutchLicensePlateTests.swift */; };
		A38A717E8FE2A00B90A1681B /* AnchorProjectionServiceTests.swift in Sources */ = {isa = PBXBuildFile; fileRef = 9BCDF4B7C549BF641C8B84E8 /* AnchorProjectionServiceTests.swift */; };
		A5F4E2564E06D4E02A1A86F7 /* VehicleDetailsView.swift in Sources */ = {isa = PBXBuildFile; fileRef = A30F83EBB327567AB99196CC /* VehicleDetailsView.swift */; };
		A7B29EBC5FF8FFD24899FC81 /* AnchorManager.swift in Sources */ = {isa = PBXBuildFile; fileRef = B2D225A9E9FB3F5153EEEF7F /* AnchorManager.swift */; };
		AE733F9D1E81DCF75FC7EE43 /* ImageCoordinateMapper.swift in Sources */ = {isa = PBXBuildFile; fileRef = F884A8B76DEB404A73C31F6A /* ImageCoordinateMapper.swift */; };
		B4CFA4A6B51AC2A396EF49C3 /* DepthSampler.swift in Sources */ = {isa = PBXBuildFile; fileRef = A922350783CCB5CF170DC09A /* DepthSampler.swift */; };
		BE2161A66D48DBD8D87E7B15 /* VehicleEnrichmentService.swift in Sources */ = {isa = PBXBuildFile; fileRef = D203E69A2EADE3D911E0EBD9 /* VehicleEnrichmentService.swift */; };
		C20FC665B922CAC2795203B1 /* PerspectiveCorrector.swift in Sources */ = {isa = PBXBuildFile; fileRef = 843B9403C8EBB962858A9313 /* PerspectiveCorrector.swift */; };
		C3B4514B72B34833C6762161 /* ImageCoordinateMapperTests.swift in Sources */ = {isa = PBXBuildFile; fileRef = 7D513830E7A7DB03B79ABE60 /* ImageCoordinateMapperTests.swift */; };
		C7737135F8D433AD167C28CB /* PlanarPoseSolver.swift in Sources */ = {isa = PBXBuildFile; fileRef = B1D70ADCF4A46EF2F1981A76 /* PlanarPoseSolver.swift */; };
		CA8DA531F6FA2E8797BFCBD6 /* PlatePipelineTests.swift in Sources */ = {isa = PBXBuildFile; fileRef = 01A0BC107BE1D225CBD03C4D /* PlatePipelineTests.swift */; };
		D11D2A262F6411BB9421369E /* CardLayoutEngineTests.swift in Sources */ = {isa = PBXBuildFile; fileRef = 4BD67445AB2F23344E1BD0D8 /* CardLayoutEngineTests.swift */; };
		D4397602C44EA095ED13FF00 /* DutchLicensePlate.swift in Sources */ = {isa = PBXBuildFile; fileRef = 45F6D2DC2E275A715372CDAA /* DutchLicensePlate.swift */; };
		D8DB49D4B23AE2983D02BBAE /* PlateRecognizer.swift in Sources */ = {isa = PBXBuildFile; fileRef = A6CE2EC784B0DC00AE674F45 /* PlateRecognizer.swift */; };
		E1AD67B81A186367C2868353 /* MeshEvidenceProvider.swift in Sources */ = {isa = PBXBuildFile; fileRef = C637676C76EEEDEEB2C41BDB /* MeshEvidenceProvider.swift */; };
		E3345897F3A651BF38F9D070 /* RDWClient.swift in Sources */ = {isa = PBXBuildFile; fileRef = FE24FEFB7C7804ADF28322F5 /* RDWClient.swift */; };
		E3BD1CC920F540E9A4722DF1 /* AnchorManagerTests.swift in Sources */ = {isa = PBXBuildFile; fileRef = 6C508EE7DF5868DF9ED4CAF2 /* AnchorManagerTests.swift */; };
		E889D1F98E70F566926438C3 /* PlanarPoseSolverTests.swift in Sources */ = {isa = PBXBuildFile; fileRef = F0D952F45D1C0FA4B632D49D /* PlanarPoseSolverTests.swift */; };
		EBF4F51295CD218B331E4428 /* PlateDetection.swift in Sources */ = {isa = PBXBuildFile; fileRef = 30DA5ACEE80CE46EE8E55AD7 /* PlateDetection.swift */; };
		F81C43BE25914A97F406CD32 /* RootView.swift in Sources */ = {isa = PBXBuildFile; fileRef = A0CF41838C3E26F5DEFB9B1A /* RootView.swift */; };
		FA6ED4D712C5B0FD7C62EBA8 /* VehicleEnrichmentRetryPolicy.swift in Sources */ = {isa = PBXBuildFile; fileRef = 15B6C85D506C732931E152C1 /* VehicleEnrichmentRetryPolicy.swift */; };
		FEDFD5905A4638DFB5D63F2A /* ScanGuidanceReducer.swift in Sources */ = {isa = PBXBuildFile; fileRef = DEAE9FD8094F1A103AD4DE87 /* ScanGuidanceReducer.swift */; };
/* End PBXBuildFile section */

/* Begin PBXContainerItemProxy section */
		4E9A447B881666202FD80D67 /* PBXContainerItemProxy */ = {
			isa = PBXContainerItemProxy;
			containerPortal = 0F4EDF2E19ADD40CDEC7B673 /* Project object */;
			proxyType = 1;
			remoteGlobalIDString = CFA729F288BA37B72EDAF06D;
			remoteInfo = LicensePlates;
		};
/* End PBXContainerItemProxy section */

/* Begin PBXFileReference section */
		01A0BC107BE1D225CBD03C4D /* PlatePipelineTests.swift */ = {isa = PBXFileReference; lastKnownFileType = sourcecode.swift; path = PlatePipelineTests.swift; sourceTree = "<group>"; };
		026C8D3E653BD8F729FBE0CB /* AnchorProjectionService.swift */ = {isa = PBXFileReference; lastKnownFileType = sourcecode.swift; path = AnchorProjectionService.swift; sourceTree = "<group>"; };
		0E62566DB189A598EF12F687 /* PlateTracker.swift */ = {isa = PBXFileReference; lastKnownFileType = sourcecode.swift; path = PlateTracker.swift; sourceTree = "<group>"; };
		1078405FC897989F20C75BED /* LicensePlatesApp.swift */ = {isa = PBXFileReference; lastKnownFileType = sourcecode.swift; path = LicensePlatesApp.swift; sourceTree = "<group>"; };
		14C4ACA32B3CDA351E072C1B /* DepthCentroidPoseEstimator.swift */ = {isa = PBXFileReference; lastKnownFileType = sourcecode.swift; path = DepthCentroidPoseEstimator.swift; sourceTree = "<group>"; };
		15B6C85D506C732931E152C1 /* VehicleEnrichmentRetryPolicy.swift */ = {isa = PBXFileReference; lastKnownFileType = sourcecode.swift; path = VehicleEnrichmentRetryPolicy.swift; sourceTree = "<group>"; };
		180F81CA6DB9D9159F5D8BEC /* CardLayoutEngine.swift */ = {isa = PBXFileReference; lastKnownFileType = sourcecode.swift; path = CardLayoutEngine.swift; sourceTree = "<group>"; };
		1D3CC789283F14DA5ABED71D /* RDWClientTests.swift */ = {isa = PBXFileReference; lastKnownFileType = sourcecode.swift; path = RDWClientTests.swift; sourceTree = "<group>"; };
		202352439E826732AEEA3182 /* PipelineReplayTests.swift */ = {isa = PBXFileReference; lastKnownFileType = sourcecode.swift; path = PipelineReplayTests.swift; sourceTree = "<group>"; };
		30DA5ACEE80CE46EE8E55AD7 /* PlateDetection.swift */ = {isa = PBXFileReference; lastKnownFileType = sourcecode.swift; path = PlateDetection.swift; sourceTree = "<group>"; };
		379278D6C279C1D288936F5B /* VehicleCardView.swift */ = {isa = PBXFileReference; lastKnownFileType = sourcecode.swift; path = VehicleCardView.swift; sourceTree = "<group>"; };
		45F4A8569AF5A62D30BDBBC7 /* VisionWorkers.swift */ = {isa = PBXFileReference; lastKnownFileType = sourcecode.swift; path = VisionWorkers.swift; sourceTree = "<group>"; };
		45F6D2DC2E275A715372CDAA /* DutchLicensePlate.swift */ = {isa = PBXFileReference; lastKnownFileType = sourcecode.swift; path = DutchLicensePlate.swift; sourceTree = "<group>"; };
		4BD67445AB2F23344E1BD0D8 /* CardLayoutEngineTests.swift */ = {isa = PBXFileReference; lastKnownFileType = sourcecode.swift; path = CardLayoutEngineTests.swift; sourceTree = "<group>"; };
		4F5A39D6BCA5DF841D3B4E91 /* AutomaticVehicleCoordinator.swift */ = {isa = PBXFileReference; lastKnownFileType = sourcecode.swift; path = AutomaticVehicleCoordinator.swift; sourceTree = "<group>"; };
		5295A35B870A089D26BC8EFB /* PerspectiveCorrectorTests.swift */ = {isa = PBXFileReference; lastKnownFileType = sourcecode.swift; path = PerspectiveCorrectorTests.swift; sourceTree = "<group>"; };
		56B3A943F73AFA83A930C964 /* PlateDetector.swift */ = {isa = PBXFileReference; lastKnownFileType = sourcecode.swift; path = PlateDetector.swift; sourceTree = "<group>"; };
		6B03CD301D2824437ADEA73E /* PlatePoseEstimator.swift */ = {isa = PBXFileReference; lastKnownFileType = sourcecode.swift; path = PlatePoseEstimator.swift; sourceTree = "<group>"; };
		6C508EE7DF5868DF9ED4CAF2 /* AnchorManagerTests.swift */ = {isa = PBXFileReference; lastKnownFileType = sourcecode.swift; path = AnchorManagerTests.swift; sourceTree = "<group>"; };
		761264A2A7C441F1AD0633C8 /* VehicleTrack.swift */ = {isa = PBXFileReference; lastKnownFileType = sourcecode.swift; path = VehicleTrack.swift; sourceTree = "<group>"; };
		794B3553A24D4BD6FD0075B1 /* LeaderLine.swift */ = {isa = PBXFileReference; lastKnownFileType = sourcecode.swift; path = LeaderLine.swift; sourceTree = "<group>"; };
		7D513830E7A7DB03B79ABE60 /* ImageCoordinateMapperTests.swift */ = {isa = PBXFileReference; lastKnownFileType = sourcecode.swift; path = ImageCoordinateMapperTests.swift; sourceTree = "<group>"; };
		7FE10E29CA241977202F0381 /* PlateAppearanceScorerTests.swift */ = {isa = PBXFileReference; lastKnownFileType = sourcecode.swift; path = PlateAppearanceScorerTests.swift; sourceTree = "<group>"; };
		843B9403C8EBB962858A9313 /* PerspectiveCorrector.swift */ = {isa = PBXFileReference; lastKnownFileType = sourcecode.swift; path = PerspectiveCorrector.swift; sourceTree = "<group>"; };
		8E76F681EB67BAEE4FCA278C /* DepthAndPoseTests.swift */ = {isa = PBXFileReference; lastKnownFileType = sourcecode.swift; path = DepthAndPoseTests.swift; sourceTree = "<group>"; };
		8F6B89CCE5B006C6D5E0382B /* PlateAppearanceScorer.swift */ = {isa = PBXFileReference; lastKnownFileType = sourcecode.swift; path = PlateAppearanceScorer.swift; sourceTree = "<group>"; };
		91E277EA3388BDC9CDDDEE9B /* ARScanView.swift */ = {isa = PBXFileReference; lastKnownFileType = sourcecode.swift; path = ARScanView.swift; sourceTree = "<group>"; };
		96AEE74022FEB97A85015B5D /* Assets.xcassets */ = {isa = PBXFileReference; lastKnownFileType = folder.assetcatalog; path = Assets.xcassets; sourceTree = "<group>"; };
		9BCDF4B7C549BF641C8B84E8 /* AnchorProjectionServiceTests.swift */ = {isa = PBXFileReference; lastKnownFileType = sourcecode.swift; path = AnchorProjectionServiceTests.swift; sourceTree = "<group>"; };
		A0CF41838C3E26F5DEFB9B1A /* RootView.swift */ = {isa = PBXFileReference; lastKnownFileType = sourcecode.swift; path = RootView.swift; sourceTree = "<group>"; };
		A30F83EBB327567AB99196CC /* VehicleDetailsView.swift */ = {isa = PBXFileReference; lastKnownFileType = sourcecode.swift; path = VehicleDetailsView.swift; sourceTree = "<group>"; };
		A6CE2EC784B0DC00AE674F45 /* PlateRecognizer.swift */ = {isa = PBXFileReference; lastKnownFileType = sourcecode.swift; path = PlateRecognizer.swift; sourceTree = "<group>"; };
		A922350783CCB5CF170DC09A /* DepthSampler.swift */ = {isa = PBXFileReference; lastKnownFileType = sourcecode.swift; path = DepthSampler.swift; sourceTree = "<group>"; };
		AE81D33010B957C8785CFCB8 /* PoseFusion.swift */ = {isa = PBXFileReference; lastKnownFileType = sourcecode.swift; path = PoseFusion.swift; sourceTree = "<group>"; };
		B1D70ADCF4A46EF2F1981A76 /* PlanarPoseSolver.swift */ = {isa = PBXFileReference; lastKnownFileType = sourcecode.swift; path = PlanarPoseSolver.swift; sourceTree = "<group>"; };
		B2D225A9E9FB3F5153EEEF7F /* AnchorManager.swift */ = {isa = PBXFileReference; lastKnownFileType = sourcecode.swift; path = AnchorManager.swift; sourceTree = "<group>"; };
		B7B6776BE537220C6E79D752 /* PrivacyPolicyView.swift */ = {isa = PBXFileReference; lastKnownFileType = sourcecode.swift; path = PrivacyPolicyView.swift; sourceTree = "<group>"; };
		B8CB4248A8ABCE72B51C9A86 /* LicensePlates.app */ = {isa = PBXFileReference; includeInIndex = 0; lastKnownFileType = wrapper.application; path = LicensePlates.app; sourceTree = BUILT_PRODUCTS_DIR; };
		B9377036D8CD7BED75D3163B /* ScanGuidanceReducerTests.swift */ = {isa = PBXFileReference; lastKnownFileType = sourcecode.swift; path = ScanGuidanceReducerTests.swift; sourceTree = "<group>"; };
		C4CD010364C03851CDB57A4C /* ARViewContainer.swift */ = {isa = PBXFileReference; lastKnownFileType = sourcecode.swift; path = ARViewContainer.swift; sourceTree = "<group>"; };
		C5CEC4FA54E8A16F8DB46523 /* DutchLicensePlateTests.swift */ = {isa = PBXFileReference; lastKnownFileType = sourcecode.swift; path = DutchLicensePlateTests.swift; sourceTree = "<group>"; };
		C637676C76EEEDEEB2C41BDB /* MeshEvidenceProvider.swift */ = {isa = PBXFileReference; lastKnownFileType = sourcecode.swift; path = MeshEvidenceProvider.swift; sourceTree = "<group>"; };
		CB82B21885F0CE6D107C8509 /* ARFrameSnapshot.swift */ = {isa = PBXFileReference; lastKnownFileType = sourcecode.swift; path = ARFrameSnapshot.swift; sourceTree = "<group>"; };
		D203E69A2EADE3D911E0EBD9 /* VehicleEnrichmentService.swift */ = {isa = PBXFileReference; lastKnownFileType = sourcecode.swift; path = VehicleEnrichmentService.swift; sourceTree = "<group>"; };
		D52E823D6BD9CF2DAD160566 /* FrameAdmissionGateTests.swift */ = {isa = PBXFileReference; lastKnownFileType = sourcecode.swift; path = FrameAdmissionGateTests.swift; sourceTree = "<group>"; };
		D9943E9A15B1DAE8720C0956 /* LicensePlatesTests.xctest */ = {isa = PBXFileReference; includeInIndex = 0; lastKnownFileType = wrapper.cfbundle; path = LicensePlatesTests.xctest; sourceTree = BUILT_PRODUCTS_DIR; };
		DEAE9FD8094F1A103AD4DE87 /* ScanGuidanceReducer.swift */ = {isa = PBXFileReference; lastKnownFileType = sourcecode.swift; path = ScanGuidanceReducer.swift; sourceTree = "<group>"; };
		F0D952F45D1C0FA4B632D49D /* PlanarPoseSolverTests.swift */ = {isa = PBXFileReference; lastKnownFileType = sourcecode.swift; path = PlanarPoseSolverTests.swift; sourceTree = "<group>"; };
		F22A7450C7D4D1991947C896 /* FrameAdmissionGate.swift */ = {isa = PBXFileReference; lastKnownFileType = sourcecode.swift; path = FrameAdmissionGate.swift; sourceTree = "<group>"; };
		F2C93C81ED991F0FF2588ECB /* MeshEvidenceProviderTests.swift */ = {isa = PBXFileReference; lastKnownFileType = sourcecode.swift; path = MeshEvidenceProviderTests.swift; sourceTree = "<group>"; };
		F496E205490AB5D4F27CA3A6 /* VehicleEnrichmentRetryPolicyTests.swift */ = {isa = PBXFileReference; lastKnownFileType = sourcecode.swift; path = VehicleEnrichmentRetryPolicyTests.swift; sourceTree = "<group>"; };
		F8131071B603CF2A4C2A954A /* SpatialLabelCountFormatter.swift */ = {isa = PBXFileReference; lastKnownFileType = sourcecode.swift; path = SpatialLabelCountFormatter.swift; sourceTree = "<group>"; };
		F884A8B76DEB404A73C31F6A /* ImageCoordinateMapper.swift */ = {isa = PBXFileReference; lastKnownFileType = sourcecode.swift; path = ImageCoordinateMapper.swift; sourceTree = "<group>"; };
		FA1EE2307A86555DE3877AAE /* PrivacyInfo.xcprivacy */ = {isa = PBXFileReference; path = PrivacyInfo.xcprivacy; sourceTree = "<group>"; };
		FE24FEFB7C7804ADF28322F5 /* RDWClient.swift */ = {isa = PBXFileReference; lastKnownFileType = sourcecode.swift; path = RDWClient.swift; sourceTree = "<group>"; };
		FF11CD43876A75A5A3DA8CA2 /* ARSessionController.swift */ = {isa = PBXFileReference; lastKnownFileType = sourcecode.swift; path = ARSessionController.swift; sourceTree = "<group>"; };
/* End PBXFileReference section */

/* Begin PBXGroup section */
		01E8CE9FAF7652CEA52612F8 /* Products */ = {
			isa = PBXGroup;
			children = (
				B8CB4248A8ABCE72B51C9A86 /* LicensePlates.app */,
				D9943E9A15B1DAE8720C0956 /* LicensePlatesTests.xctest */,
			);
			name = Products;
			sourceTree = "<group>";
		};
		03CBFB364482E2BA975C1E52 /* Vision */ = {
			isa = PBXGroup;
			children = (
				843B9403C8EBB962858A9313 /* PerspectiveCorrector.swift */,
				8F6B89CCE5B006C6D5E0382B /* PlateAppearanceScorer.swift */,
				30DA5ACEE80CE46EE8E55AD7 /* PlateDetection.swift */,
				56B3A943F73AFA83A930C964 /* PlateDetector.swift */,
				A6CE2EC784B0DC00AE674F45 /* PlateRecognizer.swift */,
				0E62566DB189A598EF12F687 /* PlateTracker.swift */,
				45F4A8569AF5A62D30BDBBC7 /* VisionWorkers.swift */,
			);
			path = Vision;
			sourceTree = "<group>";
		};
		24092B1B6E2B6C002C1CCA47 /* Integration */ = {
			isa = PBXGroup;
			children = (
				202352439E826732AEEA3182 /* PipelineReplayTests.swift */,
			);
			path = Integration;
			sourceTree = "<group>";
		};
		33E0302F04D60CF8E99B150B /* Spatial */ = {
			isa = PBXGroup;
			children = (
				14C4ACA32B3CDA351E072C1B /* DepthCentroidPoseEstimator.swift */,
				A922350783CCB5CF170DC09A /* DepthSampler.swift */,
				C637676C76EEEDEEB2C41BDB /* MeshEvidenceProvider.swift */,
				B1D70ADCF4A46EF2F1981A76 /* PlanarPoseSolver.swift */,
				6B03CD301D2824437ADEA73E /* PlatePoseEstimator.swift */,
				AE81D33010B957C8785CFCB8 /* PoseFusion.swift */,
			);
			path = Spatial;
			sourceTree = "<group>";
		};
		451D2FDA23841D1E4E0C0FE5 /* VehicleDetails */ = {
			isa = PBXGroup;
			children = (
				B7B6776BE537220C6E79D752 /* PrivacyPolicyView.swift */,
				A30F83EBB327567AB99196CC /* VehicleDetailsView.swift */,
			);
			path = VehicleDetails;
			sourceTree = "<group>";
		};
		4DE33BADDB6A20991DAD7820 /* LicensePlatesTests */ = {
			isa = PBXGroup;
			children = (
				A4DBCF4A1D7CC78DB2A8461A /* AR */,
				F0684A866C661181EC3F7683 /* Domain */,
				24092B1B6E2B6C002C1CCA47 /* Integration */,
				8326C1264665A78D935B2C22 /* Networking */,
				AF32BBF076CE44D81A723F6B /* Presentation */,
				9FC09700DAD3CFF941801C15 /* Spatial */,
				8A59BF4C53977709704150BC /* Vision */,
			);
			path = LicensePlatesTests;
			sourceTree = "<group>";
		};
		5D2D97667001D2348B500DA0 /* ARScan */ = {
			isa = PBXGroup;
			children = (
				91E277EA3388BDC9CDDDEE9B /* ARScanView.swift */,
				C4CD010364C03851CDB57A4C /* ARViewContainer.swift */,
				4F5A39D6BCA5DF841D3B4E91 /* AutomaticVehicleCoordinator.swift */,
				DEAE9FD8094F1A103AD4DE87 /* ScanGuidanceReducer.swift */,
				15B6C85D506C732931E152C1 /* VehicleEnrichmentRetryPolicy.swift */,
				D203E69A2EADE3D911E0EBD9 /* VehicleEnrichmentService.swift */,
			);
			path = ARScan;
			sourceTree = "<group>";
		};
		8326C1264665A78D935B2C22 /* Networking */ = {
			isa = PBXGroup;
			children = (
				1D3CC789283F14DA5ABED71D /* RDWClientTests.swift */,
				F496E205490AB5D4F27CA3A6 /* VehicleEnrichmentRetryPolicyTests.swift */,
			);
			path = Networking;
			sourceTree = "<group>";
		};
		8A59BF4C53977709704150BC /* Vision */ = {
			isa = PBXGroup;
			children = (
				5295A35B870A089D26BC8EFB /* PerspectiveCorrectorTests.swift */,
				7FE10E29CA241977202F0381 /* PlateAppearanceScorerTests.swift */,
				01A0BC107BE1D225CBD03C4D /* PlatePipelineTests.swift */,
			);
			path = Vision;
			sourceTree = "<group>";
		};
		8BC35F15980FE56B9CC123BE /* Presentation */ = {
			isa = PBXGroup;
			children = (
				180F81CA6DB9D9159F5D8BEC /* CardLayoutEngine.swift */,
				794B3553A24D4BD6FD0075B1 /* LeaderLine.swift */,
				F8131071B603CF2A4C2A954A /* SpatialLabelCountFormatter.swift */,
				379278D6C279C1D288936F5B /* VehicleCardView.swift */,
			);
			path = Presentation;
			sourceTree = "<group>";
		};
		8C55FE35A72DCBC7A2F8C561 /* App */ = {
			isa = PBXGroup;
			children = (
				1078405FC897989F20C75BED /* LicensePlatesApp.swift */,
				A0CF41838C3E26F5DEFB9B1A /* RootView.swift */,
			);
			path = App;
			sourceTree = "<group>";
		};
		9FC09700DAD3CFF941801C15 /* Spatial */ = {
			isa = PBXGroup;
			children = (
				8E76F681EB67BAEE4FCA278C /* DepthAndPoseTests.swift */,
				F2C93C81ED991F0FF2588ECB /* MeshEvidenceProviderTests.swift */,
				F0D952F45D1C0FA4B632D49D /* PlanarPoseSolverTests.swift */,
			);
			path = Spatial;
			sourceTree = "<group>";
		};
		A4DBCF4A1D7CC78DB2A8461A /* AR */ = {
			isa = PBXGroup;
			children = (
				6C508EE7DF5868DF9ED4CAF2 /* AnchorManagerTests.swift */,
				9BCDF4B7C549BF641C8B84E8 /* AnchorProjectionServiceTests.swift */,
				D52E823D6BD9CF2DAD160566 /* FrameAdmissionGateTests.swift */,
				7D513830E7A7DB03B79ABE60 /* ImageCoordinateMapperTests.swift */,
			);
			path = AR;
			sourceTree = "<group>";
		};
		A79132F31D2EFCC3A20B3EC5 /* LicensePlates */ = {
			isa = PBXGroup;
			children = (
				8C55FE35A72DCBC7A2F8C561 /* App */,
				C34313C5E5D31FB4869B661F /* AR */,
				AB34C34F505AB79ADCD0FCEC /* Domain */,
				D48BADBA06574C2B608FEB84 /* Features */,
				F45C47D06437304EDF7271AF /* Networking */,
				8BC35F15980FE56B9CC123BE /* Presentation */,
				E65B6B3FC5B62A263FD776CA /* Resources */,
				33E0302F04D60CF8E99B150B /* Spatial */,
				03CBFB364482E2BA975C1E52 /* Vision */,
			);
			path = LicensePlates;
			sourceTree = "<group>";
		};
		AB34C34F505AB79ADCD0FCEC /* Domain */ = {
			isa = PBXGroup;
			children = (
				45F6D2DC2E275A715372CDAA /* DutchLicensePlate.swift */,
				761264A2A7C441F1AD0633C8 /* VehicleTrack.swift */,
			);
			path = Domain;
			sourceTree = "<group>";
		};
		AF32BBF076CE44D81A723F6B /* Presentation */ = {
			isa = PBXGroup;
			children = (
				4BD67445AB2F23344E1BD0D8 /* CardLayoutEngineTests.swift */,
				B9377036D8CD7BED75D3163B /* ScanGuidanceReducerTests.swift */,
			);
			path = Presentation;
			sourceTree = "<group>";
		};
		C34313C5E5D31FB4869B661F /* AR */ = {
			isa = PBXGroup;
			children = (
				B2D225A9E9FB3F5153EEEF7F /* AnchorManager.swift */,
				026C8D3E653BD8F729FBE0CB /* AnchorProjectionService.swift */,
				CB82B21885F0CE6D107C8509 /* ARFrameSnapshot.swift */,
				FF11CD43876A75A5A3DA8CA2 /* ARSessionController.swift */,
				F22A7450C7D4D1991947C896 /* FrameAdmissionGate.swift */,
				F884A8B76DEB404A73C31F6A /* ImageCoordinateMapper.swift */,
			);
			path = AR;
			sourceTree = "<group>";
		};
		D48BADBA06574C2B608FEB84 /* Features */ = {
			isa = PBXGroup;
			children = (
				5D2D97667001D2348B500DA0 /* ARScan */,
				451D2FDA23841D1E4E0C0FE5 /* VehicleDetails */,
			);
			path = Features;
			sourceTree = "<group>";
		};
		E65B6B3FC5B62A263FD776CA /* Resources */ = {
			isa = PBXGroup;
			children = (
				96AEE74022FEB97A85015B5D /* Assets.xcassets */,
				FA1EE2307A86555DE3877AAE /* PrivacyInfo.xcprivacy */,
			);
			path = Resources;
			sourceTree = "<group>";
		};
		EB954B5BDC89DCCDB4C82D7C = {
			isa = PBXGroup;
			children = (
				A79132F31D2EFCC3A20B3EC5 /* LicensePlates */,
				4DE33BADDB6A20991DAD7820 /* LicensePlatesTests */,
				01E8CE9FAF7652CEA52612F8 /* Products */,
			);
			sourceTree = "<group>";
		};
		F0684A866C661181EC3F7683 /* Domain */ = {
			isa = PBXGroup;
			children = (
				C5CEC4FA54E8A16F8DB46523 /* DutchLicensePlateTests.swift */,
			);
			path = Domain;
			sourceTree = "<group>";
		};
		F45C47D06437304EDF7271AF /* Networking */ = {
			isa = PBXGroup;
			children = (
				FE24FEFB7C7804ADF28322F5 /* RDWClient.swift */,
			);
			path = Networking;
			sourceTree = "<group>";
		};
/* End PBXGroup section */

/* Begin PBXNativeTarget section */
		1EDEC13BD92D041066EA2146 /* LicensePlatesTests */ = {
			isa = PBXNativeTarget;
			buildConfigurationList = E60924A4D3DD0E66B3890B72 /* Build configuration list for PBXNativeTarget "LicensePlatesTests" */;
			buildPhases = (
				248420D758DD474BCC5209B9 /* Sources */,
			);
			buildRules = (
			);
			dependencies = (
				474E043BFB2D1C351C024EF9 /* PBXTargetDependency */,
			);
			name = LicensePlatesTests;
			packageProductDependencies = (
			);
			productName = LicensePlatesTests;
			productReference = D9943E9A15B1DAE8720C0956 /* LicensePlatesTests.xctest */;
			productType = "com.apple.product-type.bundle.unit-test";
		};
		CFA729F288BA37B72EDAF06D /* LicensePlates */ = {
			isa = PBXNativeTarget;
			buildConfigurationList = 969C811EDF97459500B01AF7 /* Build configuration list for PBXNativeTarget "LicensePlates" */;
			buildPhases = (
				9B0FD993385F961ECD56CB3E /* Sources */,
				2D8B8E1AB02E19B00E7AED2C /* Resources */,
			);
			buildRules = (
			);
			dependencies = (
			);
			name = LicensePlates;
			packageProductDependencies = (
			);
			productName = LicensePlates;
			productReference = B8CB4248A8ABCE72B51C9A86 /* LicensePlates.app */;
			productType = "com.apple.product-type.application";
		};
/* End PBXNativeTarget section */

/* Begin PBXProject section */
		0F4EDF2E19ADD40CDEC7B673 /* Project object */ = {
			isa = PBXProject;
			attributes = {
				BuildIndependentTargetsInParallel = YES;
				LastUpgradeCheck = 2640;
				TargetAttributes = {
					1EDEC13BD92D041066EA2146 = {
						DevelopmentTeam = 5895SP2C78;
						ProvisioningStyle = Automatic;
					};
					CFA729F288BA37B72EDAF06D = {
						DevelopmentTeam = 5895SP2C78;
						ProvisioningStyle = Automatic;
					};
				};
			};
			buildConfigurationList = 66C21E2F2C29A5BE8EB38369 /* Build configuration list for PBXProject "LicensePlates" */;
			developmentRegion = en;
			hasScannedForEncodings = 0;
			knownRegions = (
				Base,
				en,
			);
			mainGroup = EB954B5BDC89DCCDB4C82D7C;
			minimizedProjectReferenceProxies = 1;
			preferredProjectObjectVersion = 77;
			productRefGroup = 01E8CE9FAF7652CEA52612F8 /* Products */;
			projectDirPath = "";
			projectRoot = "";
			targets = (
				CFA729F288BA37B72EDAF06D /* LicensePlates */,
				1EDEC13BD92D041066EA2146 /* LicensePlatesTests */,
			);
		};
/* End PBXProject section */

/* Begin PBXResourcesBuildPhase section */
		2D8B8E1AB02E19B00E7AED2C /* Resources */ = {
			isa = PBXResourcesBuildPhase;
			buildActionMask = 2147483647;
			files = (
				6CF1C7909103CEC029685C24 /* Assets.xcassets in Resources */,
				41CC09E40B5AC91378826F7F /* PrivacyInfo.xcprivacy in Resources */,
			);
			runOnlyForDeploymentPostprocessing = 0;
		};
/* End PBXResourcesBuildPhase section */

/* Begin PBXSourcesBuildPhase section */
		248420D758DD474BCC5209B9 /* Sources */ = {
			isa = PBXSourcesBuildPhase;
			buildActionMask = 2147483647;
			files = (
				E3BD1CC920F540E9A4722DF1 /* AnchorManagerTests.swift in Sources */,
				A38A717E8FE2A00B90A1681B /* AnchorProjectionServiceTests.swift in Sources */,
				D11D2A262F6411BB9421369E /* CardLayoutEngineTests.swift in Sources */,
				1203971C8069AB03C744D392 /* DepthAndPoseTests.swift in Sources */,
				A2E4533D5CFF13CD7793A577 /* DutchLicensePlateTests.swift in Sources */,
				15844DA36657C3D2C26FDA95 /* FrameAdmissionGateTests.swift in Sources */,
				C3B4514B72B34833C6762161 /* ImageCoordinateMapperTests.swift in Sources */,
				9DA5104603CE681527743DA1 /* MeshEvidenceProviderTests.swift in Sources */,
				5D1D78C637A511C0239A8BA1 /* PerspectiveCorrectorTests.swift in Sources */,
				A1ED071FCD9C0B6E2F4F2E81 /* PipelineReplayTests.swift in Sources */,
				E889D1F98E70F566926438C3 /* PlanarPoseSolverTests.swift in Sources */,
				81B375E08274089DFCBBA912 /* PlateAppearanceScorerTests.swift in Sources */,
				CA8DA531F6FA2E8797BFCBD6 /* PlatePipelineTests.swift in Sources */,
				58EE69EC51F76B9D6C9F1AAA /* RDWClientTests.swift in Sources */,
				1D064C63239E456D4098737D /* ScanGuidanceReducerTests.swift in Sources */,
				3B8DACC6302F7F8AE5FDDAEA /* VehicleEnrichmentRetryPolicyTests.swift in Sources */,
			);
			runOnlyForDeploymentPostprocessing = 0;
		};
		9B0FD993385F961ECD56CB3E /* Sources */ = {
			isa = PBXSourcesBuildPhase;
			buildActionMask = 2147483647;
			files = (
				1A517243CF9D71343E72F67A /* ARFrameSnapshot.swift in Sources */,
				2F5F32F15FD8553F549799DA /* ARScanView.swift in Sources */,
				1B5A18A1F025FAAB653B91E7 /* ARSessionController.swift in Sources */,
				81D9E3D6ADD4AA73FBA1B862 /* ARViewContainer.swift in Sources */,
				A7B29EBC5FF8FFD24899FC81 /* AnchorManager.swift in Sources */,
				6F605FF9DE96956B60BD735D /* AnchorProjectionService.swift in Sources */,
				99CDD77F0C20E5AA7DC30674 /* AutomaticVehicleCoordinator.swift in Sources */,
				656C66F31890F12B27859A37 /* CardLayoutEngine.swift in Sources */,
				2EC71B6809C18D1677CC26AE /* DepthCentroidPoseEstimator.swift in Sources */,
				B4CFA4A6B51AC2A396EF49C3 /* DepthSampler.swift in Sources */,
				D4397602C44EA095ED13FF00 /* DutchLicensePlate.swift in Sources */,
				31BC846ED7B7872AD451378D /* FrameAdmissionGate.swift in Sources */,
				AE733F9D1E81DCF75FC7EE43 /* ImageCoordinateMapper.swift in Sources */,
				0856251AF7CCD0BDB032C668 /* LeaderLine.swift in Sources */,
				81212EE71933043F1110A04F /* LicensePlatesApp.swift in Sources */,
				E1AD67B81A186367C2868353 /* MeshEvidenceProvider.swift in Sources */,
				C20FC665B922CAC2795203B1 /* PerspectiveCorrector.swift in Sources */,
				C7737135F8D433AD167C28CB /* PlanarPoseSolver.swift in Sources */,
				50421C505108F33AF29DD156 /* PlateAppearanceScorer.swift in Sources */,
				EBF4F51295CD218B331E4428 /* PlateDetection.swift in Sources */,
				1463C96A6BA501D58915F012 /* PlateDetector.swift in Sources */,
				7124CE5CA9D936D20445161A /* PlatePoseEstimator.swift in Sources */,
				D8DB49D4B23AE2983D02BBAE /* PlateRecognizer.swift in Sources */,
				6286DB778708B2C95E1D882D /* PlateTracker.swift in Sources */,
				255188F50C25D3AE7EBEA6D9 /* PoseFusion.swift in Sources */,
				8C0CE62D754311264438603B /* PrivacyPolicyView.swift in Sources */,
				E3345897F3A651BF38F9D070 /* RDWClient.swift in Sources */,
				F81C43BE25914A97F406CD32 /* RootView.swift in Sources */,
				FEDFD5905A4638DFB5D63F2A /* ScanGuidanceReducer.swift in Sources */,
				377F6F8AFB0E470F6F99E772 /* SpatialLabelCountFormatter.swift in Sources */,
				6AF18F9C4FB11E19A07BC84F /* VehicleCardView.swift in Sources */,
				A5F4E2564E06D4E02A1A86F7 /* VehicleDetailsView.swift in Sources */,
				FA6ED4D712C5B0FD7C62EBA8 /* VehicleEnrichmentRetryPolicy.swift in Sources */,
				BE2161A66D48DBD8D87E7B15 /* VehicleEnrichmentService.swift in Sources */,
				15DA22D703130E5836A9D77D /* VehicleTrack.swift in Sources */,
				08B8DF6BB0A7A7148C693669 /* VisionWorkers.swift in Sources */,
			);
			runOnlyForDeploymentPostprocessing = 0;
		};
/* End PBXSourcesBuildPhase section */

/* Begin PBXTargetDependency section */
		474E043BFB2D1C351C024EF9 /* PBXTargetDependency */ = {
			isa = PBXTargetDependency;
			target = CFA729F288BA37B72EDAF06D /* LicensePlates */;
			targetProxy = 4E9A447B881666202FD80D67 /* PBXContainerItemProxy */;
		};
/* End PBXTargetDependency section */

/* Begin XCBuildConfiguration section */
		2D45D006B266D5C2372B21C1 /* Debug */ = {
			isa = XCBuildConfiguration;
			buildSettings = {
				BUNDLE_LOADER = "$(TEST_HOST)";
				GENERATE_INFOPLIST_FILE = YES;
				LD_RUNPATH_SEARCH_PATHS = (
					"$(inherited)",
					"@executable_path/Frameworks",
					"@loader_path/Frameworks",
				);
				PRODUCT_BUNDLE_IDENTIFIER = nl.jobvandijke.LicensePlatesTests;
				SDKROOT = iphoneos;
				TARGETED_DEVICE_FAMILY = "1,2";
				TEST_HOST = "$(BUILT_PRODUCTS_DIR)/Parked.app/$(BUNDLE_EXECUTABLE_FOLDER_PATH)/Parked";
			};
			name = Debug;
		};
		61EAD4CD1424EA576E9E5E09 /* Debug */ = {
			isa = XCBuildConfiguration;
			buildSettings = {
				ALWAYS_SEARCH_USER_PATHS = NO;
				CLANG_ANALYZER_NONNULL = YES;
				CLANG_ANALYZER_NUMBER_OBJECT_CONVERSION = YES_AGGRESSIVE;
				CLANG_CXX_LANGUAGE_STANDARD = "gnu++14";
				CLANG_CXX_LIBRARY = "libc++";
				CLANG_ENABLE_MODULES = YES;
				CLANG_ENABLE_OBJC_ARC = YES;
				CLANG_ENABLE_OBJC_WEAK = YES;
				CLANG_WARN_BLOCK_CAPTURE_AUTORELEASING = YES;
				CLANG_WARN_BOOL_CONVERSION = YES;
				CLANG_WARN_COMMA = YES;
				CLANG_WARN_CONSTANT_CONVERSION = YES;
				CLANG_WARN_DEPRECATED_OBJC_IMPLEMENTATIONS = YES;
				CLANG_WARN_DIRECT_OBJC_ISA_USAGE = YES_ERROR;
				CLANG_WARN_DOCUMENTATION_COMMENTS = YES;
				CLANG_WARN_EMPTY_BODY = YES;
				CLANG_WARN_ENUM_CONVERSION = YES;
				CLANG_WARN_INFINITE_RECURSION = YES;
				CLANG_WARN_INT_CONVERSION = YES;
				CLANG_WARN_NON_LITERAL_NULL_CONVERSION = YES;
				CLANG_WARN_OBJC_IMPLICIT_RETAIN_SELF = YES;
				CLANG_WARN_OBJC_LITERAL_CONVERSION = YES;
				CLANG_WARN_OBJC_ROOT_CLASS = YES_ERROR;
				CLANG_WARN_QUOTED_INCLUDE_IN_FRAMEWORK_HEADER = YES;
				CLANG_WARN_RANGE_LOOP_ANALYSIS = YES;
				CLANG_WARN_STRICT_PROTOTYPES = YES;
				CLANG_WARN_SUSPICIOUS_MOVE = YES;
				CLANG_WARN_UNGUARDED_AVAILABILITY = YES_AGGRESSIVE;
				CLANG_WARN_UNREACHABLE_CODE = YES;
				CLANG_WARN__DUPLICATE_METHOD_MATCH = YES;
				CODE_SIGN_STYLE = Automatic;
				COPY_PHASE_STRIP = NO;
				CURRENT_PROJECT_VERSION = 1;
				DEBUG_INFORMATION_FORMAT = dwarf;
				DEVELOPMENT_TEAM = 5895SP2C78;
				ENABLE_STRICT_OBJC_MSGSEND = YES;
				ENABLE_TESTABILITY = YES;
				ENABLE_USER_SCRIPT_SANDBOXING = YES;
				GCC_C_LANGUAGE_STANDARD = gnu11;
				GCC_DYNAMIC_NO_PIC = NO;
				GCC_NO_COMMON_BLOCKS = YES;
				GCC_OPTIMIZATION_LEVEL = 0;
				GCC_PREPROCESSOR_DEFINITIONS = (
					"$(inherited)",
					"DEBUG=1",
				);
				GCC_WARN_64_TO_32_BIT_CONVERSION = YES;
				GCC_WARN_ABOUT_RETURN_TYPE = YES_ERROR;
				GCC_WARN_UNDECLARED_SELECTOR = YES;
				GCC_WARN_UNINITIALIZED_AUTOS = YES_AGGRESSIVE;
				GCC_WARN_UNUSED_FUNCTION = YES;
				GCC_WARN_UNUSED_VARIABLE = YES;
				IPHONEOS_DEPLOYMENT_TARGET = 18.0;
				MARKETING_VERSION = 1.0;
				MTL_ENABLE_DEBUG_INFO = INCLUDE_SOURCE;
				MTL_FAST_MATH = YES;
				ONLY_ACTIVE_ARCH = YES;
				PRODUCT_NAME = "$(TARGET_NAME)";
				SDKROOT = iphoneos;
				SWIFT_ACTIVE_COMPILATION_CONDITIONS = DEBUG;
				SWIFT_OPTIMIZATION_LEVEL = "-Onone";
				SWIFT_STRICT_CONCURRENCY = complete;
				SWIFT_VERSION = 6.0;
			};
			name = Debug;
		};
		8D5203104BEBAFE95B23E4EB /* Release */ = {
			isa = XCBuildConfiguration;
			buildSettings = {
				ALWAYS_SEARCH_USER_PATHS = NO;
				CLANG_ANALYZER_NONNULL = YES;
				CLANG_ANALYZER_NUMBER_OBJECT_CONVERSION = YES_AGGRESSIVE;
				CLANG_CXX_LANGUAGE_STANDARD = "gnu++14";
				CLANG_CXX_LIBRARY = "libc++";
				CLANG_ENABLE_MODULES = YES;
				CLANG_ENABLE_OBJC_ARC = YES;
				CLANG_ENABLE_OBJC_WEAK = YES;
				CLANG_WARN_BLOCK_CAPTURE_AUTORELEASING = YES;
				CLANG_WARN_BOOL_CONVERSION = YES;
				CLANG_WARN_COMMA = YES;
				CLANG_WARN_CONSTANT_CONVERSION = YES;
				CLANG_WARN_DEPRECATED_OBJC_IMPLEMENTATIONS = YES;
				CLANG_WARN_DIRECT_OBJC_ISA_USAGE = YES_ERROR;
				CLANG_WARN_DOCUMENTATION_COMMENTS = YES;
				CLANG_WARN_EMPTY_BODY = YES;
				CLANG_WARN_ENUM_CONVERSION = YES;
				CLANG_WARN_INFINITE_RECURSION = YES;
				CLANG_WARN_INT_CONVERSION = YES;
				CLANG_WARN_NON_LITERAL_NULL_CONVERSION = YES;
				CLANG_WARN_OBJC_IMPLICIT_RETAIN_SELF = YES;
				CLANG_WARN_OBJC_LITERAL_CONVERSION = YES;
				CLANG_WARN_OBJC_ROOT_CLASS = YES_ERROR;
				CLANG_WARN_QUOTED_INCLUDE_IN_FRAMEWORK_HEADER = YES;
				CLANG_WARN_RANGE_LOOP_ANALYSIS = YES;
				CLANG_WARN_STRICT_PROTOTYPES = YES;
				CLANG_WARN_SUSPICIOUS_MOVE = YES;
				CLANG_WARN_UNGUARDED_AVAILABILITY = YES_AGGRESSIVE;
				CLANG_WARN_UNREACHABLE_CODE = YES;
				CLANG_WARN__DUPLICATE_METHOD_MATCH = YES;
				CODE_SIGN_STYLE = Automatic;
				COPY_PHASE_STRIP = NO;
				CURRENT_PROJECT_VERSION = 1;
				DEBUG_INFORMATION_FORMAT = "dwarf-with-dsym";
				DEVELOPMENT_TEAM = 5895SP2C78;
				ENABLE_NS_ASSERTIONS = NO;
				ENABLE_STRICT_OBJC_MSGSEND = YES;
				ENABLE_USER_SCRIPT_SANDBOXING = YES;
				GCC_C_LANGUAGE_STANDARD = gnu11;
				GCC_NO_COMMON_BLOCKS = YES;
				GCC_WARN_64_TO_32_BIT_CONVERSION = YES;
				GCC_WARN_ABOUT_RETURN_TYPE = YES_ERROR;
				GCC_WARN_UNDECLARED_SELECTOR = YES;
				GCC_WARN_UNINITIALIZED_AUTOS = YES_AGGRESSIVE;
				GCC_WARN_UNUSED_FUNCTION = YES;
				GCC_WARN_UNUSED_VARIABLE = YES;
				IPHONEOS_DEPLOYMENT_TARGET = 18.0;
				MARKETING_VERSION = 1.0;
				MTL_ENABLE_DEBUG_INFO = NO;
				MTL_FAST_MATH = YES;
				PRODUCT_NAME = "$(TARGET_NAME)";
				SDKROOT = iphoneos;
				SWIFT_COMPILATION_MODE = wholemodule;
				SWIFT_OPTIMIZATION_LEVEL = "-O";
				SWIFT_STRICT_CONCURRENCY = complete;
				SWIFT_VERSION = 6.0;
			};
			name = Release;
		};
		C1F1BD8649A26587EF51B7E2 /* Release */ = {
			isa = XCBuildConfiguration;
			buildSettings = {
				BUNDLE_LOADER = "$(TEST_HOST)";
				GENERATE_INFOPLIST_FILE = YES;
				LD_RUNPATH_SEARCH_PATHS = (
					"$(inherited)",
					"@executable_path/Frameworks",
					"@loader_path/Frameworks",
				);
				PRODUCT_BUNDLE_IDENTIFIER = nl.jobvandijke.LicensePlatesTests;
				SDKROOT = iphoneos;
				TARGETED_DEVICE_FAMILY = "1,2";
				TEST_HOST = "$(BUILT_PRODUCTS_DIR)/Parked.app/$(BUNDLE_EXECUTABLE_FOLDER_PATH)/Parked";
			};
			name = Release;
		};
		CBDC468CE4E526C400A623EB /* Debug */ = {
			isa = XCBuildConfiguration;
			buildSettings = {
				ASSETCATALOG_COMPILER_APPICON_NAME = AppIcon;
				ASSETCATALOG_COMPILER_GENERATE_SWIFT_ASSET_SYMBOL_EXTENSIONS = YES;
				ASSETCATALOG_COMPILER_GLOBAL_ACCENT_COLOR_NAME = AccentColor;
				CODE_SIGN_IDENTITY = "iPhone Developer";
				GENERATE_INFOPLIST_FILE = YES;
				INFOPLIST_KEY_CFBundleDisplayName = Parked;
				INFOPLIST_KEY_NSCameraUsageDescription = "Parked uses the camera and LiDAR to attach vehicle information to parked cars in augmented reality. Images stay on this iPhone.";
				INFOPLIST_KEY_UIApplicationSceneManifest_Generation = YES;
				INFOPLIST_KEY_UILaunchScreen_Generation = YES;
				INFOPLIST_KEY_UIRequiredDeviceCapabilities = arkit;
				INFOPLIST_KEY_UISupportedInterfaceOrientations_iPhone = UIInterfaceOrientationPortrait;
				LD_RUNPATH_SEARCH_PATHS = (
					"$(inherited)",
					"@executable_path/Frameworks",
				);
				PRODUCT_BUNDLE_IDENTIFIER = nl.jobvandijke.LicensePlates;
				PRODUCT_MODULE_NAME = LicensePlates;
				PRODUCT_NAME = Parked;
				SDKROOT = iphoneos;
				SUPPORTS_MACCATALYST = NO;
				SUPPORTS_MAC_DESIGNED_FOR_IPHONE_IPAD = NO;
				SUPPORTS_XR_DESIGNED_FOR_IPHONE_IPAD = NO;
				TARGETED_DEVICE_FAMILY = 1;
			};
			name = Debug;
		};
		DCF33316B517D7CFBBB1D582 /* Release */ = {
			isa = XCBuildConfiguration;
			buildSettings = {
				ASSETCATALOG_COMPILER_APPICON_NAME = AppIcon;
				ASSETCATALOG_COMPILER_GENERATE_SWIFT_ASSET_SYMBOL_EXTENSIONS = YES;
				ASSETCATALOG_COMPILER_GLOBAL_ACCENT_COLOR_NAME = AccentColor;
				CODE_SIGN_IDENTITY = "iPhone Developer";
				GENERATE_INFOPLIST_FILE = YES;
				INFOPLIST_KEY_CFBundleDisplayName = Parked;
				INFOPLIST_KEY_NSCameraUsageDescription = "Parked uses the camera and LiDAR to attach vehicle information to parked cars in augmented reality. Images stay on this iPhone.";
				INFOPLIST_KEY_UIApplicationSceneManifest_Generation = YES;
				INFOPLIST_KEY_UILaunchScreen_Generation = YES;
				INFOPLIST_KEY_UIRequiredDeviceCapabilities = arkit;
				INFOPLIST_KEY_UISupportedInterfaceOrientations_iPhone = UIInterfaceOrientationPortrait;
				LD_RUNPATH_SEARCH_PATHS = (
					"$(inherited)",
					"@executable_path/Frameworks",
				);
				PRODUCT_BUNDLE_IDENTIFIER = nl.jobvandijke.LicensePlates;
				PRODUCT_MODULE_NAME = LicensePlates;
				PRODUCT_NAME = Parked;
				SDKROOT = iphoneos;
				SUPPORTS_MACCATALYST = NO;
				SUPPORTS_MAC_DESIGNED_FOR_IPHONE_IPAD = NO;
				SUPPORTS_XR_DESIGNED_FOR_IPHONE_IPAD = NO;
				TARGETED_DEVICE_FAMILY = 1;
			};
			name = Release;
		};
/* End XCBuildConfiguration section */

/* Begin XCConfigurationList section */
		66C21E2F2C29A5BE8EB38369 /* Build configuration list for PBXProject "LicensePlates" */ = {
			isa = XCConfigurationList;
			buildConfigurations = (
				61EAD4CD1424EA576E9E5E09 /* Debug */,
				8D5203104BEBAFE95B23E4EB /* Release */,
			);
			defaultConfigurationIsVisible = 0;
			defaultConfigurationName = Debug;
		};
		969C811EDF97459500B01AF7 /* Build configuration list for PBXNativeTarget "LicensePlates" */ = {
			isa = XCConfigurationList;
			buildConfigurations = (
				CBDC468CE4E526C400A623EB /* Debug */,
				DCF33316B517D7CFBBB1D582 /* Release */,
			);
			defaultConfigurationIsVisible = 0;
			defaultConfigurationName = Debug;
		};
		E60924A4D3DD0E66B3890B72 /* Build configuration list for PBXNativeTarget "LicensePlatesTests" */ = {
			isa = XCConfigurationList;
			buildConfigurations = (
				2D45D006B266D5C2372B21C1 /* Debug */,
				C1F1BD8649A26587EF51B7E2 /* Release */,
			);
			defaultConfigurationIsVisible = 0;
			defaultConfigurationName = Debug;
		};
/* End XCConfigurationList section */
	};
	rootObject = 0F4EDF2E19ADD40CDEC7B673 /* Project object */;
}
